{
  "nodes": {
    "nixpkgs": {
      "locked": {
        "lastModified": 1773821835,
        "narHash": "sha256-TJ3lSQtW0E2JrznGVm8hOQGVpXjJyXY2guAxku2O9A4=",
        "owner": "NixOS",
        "repo": "nixpkgs",
        "rev": "b40629efe5d6ec48dd1efba650c797ddbd39ace0",
        "type": "github"
      },
      "original": {
        "owner": "NixOS",
        "ref": "nixos-unstable",
        "repo": "nixpkgs",
        "type": "github"
      }
    },
    "root": {
      "inputs": {
        "nixpkgs": "nixpkgs",
        "sqlite-regex": "sqlite-regex",
        "sqlite-zstd": "sqlite-zstd"
      }
    },
    "sqlite-regex": {
      "flake": false,
      "locked": {
        "lastModified": 1696642011,
        "narHash": "sha256-BIG7TxnGJDhoHrAfqgIwuboC6RUC2LdwSwpHslXVDXY=",
        "owner": "asg017",
        "repo": "sqlite-regex",
        "rev": "5fe28e3c7a978c621082cfef0ae6dea9a71167ee",
        "type": "github"
      },
      "original": {
        "owner": "asg017",
        "repo": "sqlite-regex",
        "type": "github"
      }
    },
    "sqlite-zstd": {
      "flake": false,
      "locked": {
        "lastModified": 1751274260,
        "narHash": "sha256-ObV5+g3Yp5EkkekiqTdS8al8/t0MnpTlD36SPHRh11A=",
        "owner": "phiresky",
        "repo": "sqlite-zstd",
        "rev": "212b179a266f0fef68b2eedd1014bb81c4596f2a",
        "type": "github"
      },
      "original": {
        "owner": "phiresky",
        "repo": "sqlite-zstd",
        "type": "github"
      }
    }
  },
  "root": "root",
  "version": 7
}
